
Microsoft Visual Studio Solution File, Format Version 12.00
Project("{FAE04EC0-301F-11D3-BF4B-00C04F79EFBC}") = "Scaledriven.Api", "Scaledriven.Api\Scaledriven.Api.csproj", "{8E70FEB7-3FF7-4E0A-875F-1FE85B096375}"
EndProject
Project("{FAE04EC0-301F-11D3-BF4B-00C04F79EFBC}") = "Scaledriven.Tests", "Scaledriven.Tests\Scaledriven.Tests.csproj", "{9C87E735-75D2-4B6A-8F98-196F3AC98C4F}"
EndProject
Project("{FAE04EC0-301F-11D3-BF4B-00C04F79EFBC}") = "Scaledriven.Core", "Scaledriven.Core\Scaledriven.Core.csproj", "{8DF9255F-8C7B-496B-9ADA-8B29AE3F6B09}"
EndProject
Global
	GlobalSection(SolutionConfigurationPlatforms) = preSolution
		Debug|Any CPU = Debug|Any CPU
		Release|Any CPU = Release|Any CPU
	EndGlobalSection
	GlobalSection(ProjectConfigurationPlatforms) = postSolution
		{8E70FEB7-3FF7-4E0A-875F-1FE85B096375}.Debug|Any CPU.ActiveCfg = Debug|Any CPU
		{8E70FEB7-3FF7-4E0A-875F-1FE85B096375}.Debug|Any CPU.Build.0 = Debug|Any CPU
		{8E70FEB7-3FF7-4E0A-875F-1FE85B096375}.Release|Any CPU.ActiveCfg = Release|Any CPU
		{8E70FEB7-3FF7-4E0A-875F-1FE85B096375}.Release|Any CPU.Build.0 = Release|Any CPU
		{9C87E735-75D2-4B6A-8F98-196F3AC98C4F}.Debug|Any CPU.ActiveCfg = Debug|Any CPU
		{9C87E735-75D2-4B6A-8F98-196F3AC98C4F}.Debug|Any CPU.Build.0 = Debug|Any CPU
		{9C87E735-75D2-4B6A-8F98-196F3AC98C4F}.Release|Any CPU.ActiveCfg = Release|Any CPU
		{9C87E735-75D2-4B6A-8F98-196F3AC98C4F}.Release|Any CPU.Build.0 = Release|Any CPU
		{8DF9255F-8C7B-496B-9ADA-8B29AE3F6B09}.Debug|Any CPU.ActiveCfg = Debug|Any CPU
		{8DF9255F-8C7B-496B-9ADA-8B29AE3F6B09}.Debug|Any CPU.Build.0 = Debug|Any CPU
		{8DF9255F-8C7B-496B-9ADA-8B29AE3F6B09}.Release|Any CPU.ActiveCfg = Release|Any CPU
		{8DF9255F-8C7B-496B-9ADA-8B29AE3F6B09}.Release|Any CPU.Build.0 = Release|Any CPU
	EndGlobalSection
EndGlobal
